
Microsoft Visual Studio Solution File, Format Version 12.00
# Visual Studio Version 17
VisualStudioVersion = 17.8.34322.80
MinimumVisualStudioVersion = 10.0.40219.1
Project("{9A19103F-16F7-4668-BE54-9A1E7A4F7556}") = "Telematics.Grains", "Telematics.Grains\Telematics.Grains.csproj", "{A3EB75EA-6002-4FC0-9E5C-347F481DF804}"
EndProject
Project("{9A19103F-16F7-4668-BE54-9A1E7A4F7556}") = "Telematics.Silo", "Telematics.Silo\Telematics.Silo.csproj", "{FDBEE31A-FF1D-4092-BAB3-4EF063D82E31}"
EndProject
Project("{9A19103F-16F7-4668-BE54-9A1E7A4F7556}") = "Telematics.WebApi", "Telematics.WebApi\Telematics.WebApi.csproj", "{555CBE6D-6ED0-4573-ACF6-41FD352DFC6A}"
EndProject
Global
	GlobalSection(SolutionConfigurationPlatforms) = preSolution
		Debug|Any CPU = Debug|Any CPU
		Release|Any CPU = Release|Any CPU
	EndGlobalSection
	GlobalSection(ProjectConfigurationPlatforms) = postSolution
		{A3EB75EA-6002-4FC0-9E5C-347F481DF804}.Debug|Any CPU.ActiveCfg = Debug|Any CPU
		{A3EB75EA-6002-4FC0-9E5C-347F481DF804}.Debug|Any CPU.Build.0 = Debug|Any CPU
		{A3EB75EA-6002-4FC0-9E5C-347F481DF804}.Release|Any CPU.ActiveCfg = Release|Any CPU
		{A3EB75EA-6002-4FC0-9E5C-347F481DF804}.Release|Any CPU.Build.0 = Release|Any CPU
		{FDBEE31A-FF1D-4092-BAB3-4EF063D82E31}.Debug|Any CPU.ActiveCfg = Debug|Any CPU
		{FDBEE31A-FF1D-4092-BAB3-4EF063D82E31}.Debug|Any CPU.Build.0 = Debug|Any CPU
		{FDBEE31A-FF1D-4092-BAB3-4EF063D82E31}.Release|Any CPU.ActiveCfg = Release|Any CPU
		{FDBEE31A-FF1D-4092-BAB3-4EF063D82E31}.Release|Any CPU.Build.0 = Release|Any CPU
		{555CBE6D-6ED0-4573-ACF6-41FD352DFC6A}.Debug|Any CPU.ActiveCfg = Debug|Any CPU
		{555CBE6D-6ED0-4573-ACF6-41FD352DFC6A}.Debug|Any CPU.Build.0 = Debug|Any CPU
		{555CBE6D-6ED0-4573-ACF6-41FD352DFC6A}.Release|Any CPU.ActiveCfg = Release|Any CPU
		{555CBE6D-6ED0-4573-ACF6-41FD352DFC6A}.Release|Any CPU.Build.0 = Release|Any CPU
	EndGlobalSection
	GlobalSection(SolutionProperties) = preSolution
		HideSolutionNode = FALSE
	EndGlobalSection
	GlobalSection(ExtensibilityGlobals) = postSolution
		SolutionGuid = {15FFA450-38B3-4726-83C3-2DC4CD8291A0}
	EndGlobalSection
EndGlobal
